
Microsoft Visual Studio Solution File, Format Version 12.00
# Visual Studio Version 16
VisualStudioVersion = 16.0.33214.272
MinimumVisualStudioVersion = 10.0.40219.1
Project("{FAE04EC0-301F-11D3-BF4B-00C04F79EFBC}") = "Mission05_haylowry", "Mission05_haylowry\Mission05_haylowry.csproj", "{45AB70B5-55AE-4D31-8B37-68DB827BD046}"
EndProject
Global
	GlobalSection(SolutionConfigurationPlatforms) = preSolution
		Debug|Any CPU = Debug|Any CPU
		Release|Any CPU = Release|Any CPU
	EndGlobalSection
	GlobalSection(ProjectConfigurationPlatforms) = postSolution
		{45AB70B5-55AE-4D31-8B37-68DB827BD046}.Debug|Any CPU.ActiveCfg = Debug|Any CPU
		{45AB70B5-55AE-4D31-8B37-68DB827BD046}.Debug|Any CPU.Build.0 = Debug|Any CPU
		{45AB70B5-55AE-4D31-8B37-68DB827BD046}.Release|Any CPU.ActiveCfg = Release|Any CPU
		{45AB70B5-55AE-4D31-8B37-68DB827BD046}.Release|Any CPU.Build.0 = Release|Any CPU
	EndGlobalSection
	GlobalSection(SolutionProperties) = preSolution
		HideSolutionNode = FALSE
	EndGlobalSection
	GlobalSection(ExtensibilityGlobals) = postSolution
		SolutionGuid = {1DDDA85D-441B-4875-93E4-E5AB7C81520E}
	EndGlobalSection
EndGlobal
